Microsoft Visual Studio Solution File, Format Version 12.00
# Visual Studio 2019
#An example of VS project solution for DotNetCli static scanner
VisualStudioVersion = 16.0.30717.126
MinimumVisualStudioVersion = 10.0.40219.1

Project("{FAE04EC0-301F-11D3-BF4B-00C04F79EFBC}") = "MyApp", "MyApp\MyApp.csproj", "{C1250C64-A5ED-4A37-BB71-456789012345}"
EndProject

Global
    GlobalSection(SolutionConfigurationPlatforms) = preSolution
        Debug|Any CPU = Debug|Any CPU
        Release|Any CPU = Release|Any CPU
    EndGlobalSection
    GlobalSection(ProjectConfigurationPlatforms) = postSolution
        {C1250C64-A5ED-4A37-BB71-456789012345}.Debug|Any CPU.ActiveCfg = Debug|Any CPU
        {C1250C64-A5ED-4A37-BB71-456789012345}.Debug|Any CPU.Build.0 = Debug|Any CPU
        {C1250C64-A5ED-4A37-BB71-456789012345}.Release|Any CPU.ActiveCfg = Release|Any CPU
        {C1250C64-A5ED-4A37-BB71-456789012345}.Release|Any CPU.Build.0 = Release|Any CPU
    EndGlobalSection
    GlobalSection(SolutionProperties) = preSolution
        HideSolutionNode = FALSE
    EndGlobalSection
    GlobalSection(ExtensibilityGlobals) = postSolution
        SolutionGuid = {F144E835-2C30-4D64-8FD1-567890123456}
    EndGlobalSection
EndGlobal
