{
  "name": "your-project-name-example-of-package-lock-json-for-npmAudit",
  "version": "1.0.0",
  "lockfileVersion": 2,
  "requires": true,
  "packages": {
    "async": {
      "version": "3.3.0",
      "resolved": "https://registry.npmjs.org/async/-/async-3.3.0.tgz",
      "integrity": "sha512-sKs3sZjS/Ye4CjHDFK7KXi+DCXoBpOfYDyGTF0GhiYb7JeIQ7YKg4T2x2u5mbtKM+ZjP2PfXnZ+20t8l0SRrEUg=="
    },
    "lodash": {
      "version": "4.17.21",
      "resolved": "https://registry.npmjs.org/lodash/-/lodash-4.17.21.tgz",
      "integrity": "sha512-ktTl5fjzJt9HR0RyAjCz3vFUyfPnCk7f8m8KmLGBmTMF8Dnvh7zNaIpmYQ4HfIRvgrUIop+NP4H1tJ8eZuI5lg=="
    }
  },
  "dependencies": {
    "async": {
      "version": "3.3.0",
      "resolved": "https://registry.npmjs.org/async/-/async-3.3.0.tgz",
      "integrity": "sha512-sKs3sZjS/Ye4CjHDFK7KXi+DCXoBpOfYDyGTF0GhiYb7JeIQ7YKg4T2x2u5mbtKM+ZjP2PfXnZ+20t8l0SRrEUg=="
    },
    "lodash": {
      "version": "4.17.21",
      "resolved": "https://registry.npmjs.org/lodash/-/lodash-4.17.21.tgz",
      "integrity": "sha512-ktTl5fjzJt9HR0RyAjCz3vFUyfPnCk7f8m8KmLGBmTMF8Dnvh7zNaIpmYQ4HfIRvgrUIop+NP4H1tJ8eZuI5lg=="
    }
  }
}
