# THIS IS AN AUTOGENERATED FILE. DO NOT EDIT THIS FILE DIRECTLY.
# yarn lockfile v1

async@3.3.0:
  version "3.3.0"
  resolved "https://registry.yarnpkg.com/async/-/async-3.3.0.tgz#d0fbc9f6964cc3a8b76f5f1e98424b0d68c40e02"

lodash@^4.17.21:
  version "4.17.21"
  resolved "https://registry.yarnpkg.com/lodash/-/lodash-4.17.21.tgz#730d117e99a3f5a9e80d99451e28112bb337133e"
